// !$*UTF8*$!
{
	archiveVersion = 1;
	classes = {
	};
	objectVersion = 50;
	objects = {

/* Begin PBXBuildFile section */
		632E748F2340676E00D5DE53 /* AppDelegate.swift in Sources */ = {isa = PBXBuildFile; fileRef = 632E748E2340676E00D5DE53 /* AppDelegate.swift */; };
		632E74912340676E00D5DE53 /* SceneDelegate.swift in Sources */ = {isa = PBXBuildFile; fileRef = 632E74902340676E00D5DE53 /* SceneDelegate.swift */; };
		632E74932340676E00D5DE53 /* ViewController.swift in Sources */ = {isa = PBXBuildFile; fileRef = 632E74922340676E00D5DE53 /* ViewController.swift */; };
		632E74962340676E00D5DE53 /* Main.storyboard in Resources */ = {isa = PBXBuildFile; fileRef = 632E74942340676E00D5DE53 /* Main.storyboard */; };
		632E74982340677000D5DE53 /* Assets.xcassets in Resources */ = {isa = PBXBuildFile; fileRef = 632E74972340677000D5DE53 /* Assets.xcassets */; };
		632E749B2340677000D5DE53 /* LaunchScreen.storyboard in Resources */ = {isa = PBXBuildFile; fileRef = 632E74992340677000D5DE53 /* LaunchScreen.storyboard */; };
		632E74AA2340A9BA00D5DE53 /* SF-UI-Display-Ultralight.otf in Resources */ = {isa = PBXBuildFile; fileRef = 632E74A32340A9B900D5DE53 /* SF-UI-Display-Ultralight.otf */; };
		632E74AB2340A9BA00D5DE53 /* SF-UI-Display-Light.otf in Resources */ = {isa = PBXBuildFile; fileRef = 632E74A42340A9B900D5DE53 /* SF-UI-Display-Light.otf */; };
		632E74AC2340A9BA00D5DE53 /* SF-UI-Text-SemiboldItalic.otf in Resources */ = {isa = PBXBuildFile; fileRef = 632E74A52340A9B900D5DE53 /* SF-UI-Text-SemiboldItalic.otf */; };
		632E74AD2340A9BA00D5DE53 /* SF-UI-Text-Bold.otf in Resources */ = {isa = PBXBuildFile; fileRef = 632E74A62340A9B900D5DE53 /* SF-UI-Text-Bold.otf */; };
		632E74AE2340A9BA00D5DE53 /* SF-UI-Display-Semibold.otf in Resources */ = {isa = PBXBuildFile; fileRef = 632E74A72340A9BA00D5DE53 /* SF-UI-Display-Semibold.otf */; };
		632E74AF2340A9BA00D5DE53 /* SF-UI-Display-Heavy.otf in Resources */ = {isa = PBXBuildFile; fileRef = 632E74A82340A9BA00D5DE53 /* SF-UI-Display-Heavy.otf */; };
		632E74B02340A9BA00D5DE53 /* SF-UI-Text-Italic.otf in Resources */ = {isa = PBXBuildFile; fileRef = 632E74A92340A9BA00D5DE53 /* SF-UI-Text-Italic.otf */; };
		632E74BF2340A9CA00D5DE53 /* SF-UI-Text-Semibold.otf in Resources */ = {isa = PBXBuildFile; fileRef = 632E74B12340A9CA00D5DE53 /* SF-UI-Text-Semibold.otf */; };
		632E74C02340A9CA00D5DE53 /* SF-UI-Text-MediumItalic.otf in Resources */ = {isa = PBXBuildFile; fileRef = 632E74B22340A9CA00D5DE53 /* SF-UI-Text-MediumItalic.otf */; };
		632E74C12340A9CA00D5DE53 /* SF-UI-Text-Regular.otf in Resources */ = {isa = PBXBuildFile; fileRef = 632E74B32340A9CA00D5DE53 /* SF-UI-Text-Regular.otf */; };
		632E74C22340A9CA00D5DE53 /* SF-UI-Text-LightItalic.otf in Resources */ = {isa = PBXBuildFile; fileRef = 632E74B42340A9CA00D5DE53 /* SF-UI-Text-LightItalic.otf */; };
		632E74C32340A9CA00D5DE53 /* SF-UI-Text-Heavy.otf in Resources */ = {isa = PBXBuildFile; fileRef = 632E74B52340A9CA00D5DE53 /* SF-UI-Text-Heavy.otf */; };
		632E74C42340A9CA00D5DE53 /* SF-UI-Text-HeavyItalic.otf in Resources */ = {isa = PBXBuildFile; fileRef = 632E74B62340A9CA00D5DE53 /* SF-UI-Text-HeavyItalic.otf */; };
		632E74C52340A9CA00D5DE53 /* SF-UI-Display-Medium.otf in Resources */ = {isa = PBXBuildFile; fileRef = 632E74B72340A9CA00D5DE53 /* SF-UI-Display-Medium.otf */; };
		632E74C62340A9CA00D5DE53 /* SF-UI-Display-Black.otf in Resources */ = {isa = PBXBuildFile; fileRef = 632E74B82340A9CA00D5DE53 /* SF-UI-Display-Black.otf */; };
		632E74C72340A9CA00D5DE53 /* SF-UI-Text-BoldItalic.otf in Resources */ = {isa = PBXBuildFile; fileRef = 632E74B92340A9CA00D5DE53 /* SF-UI-Text-BoldItalic.otf */; };
		632E74C82340A9CA00D5DE53 /* SF-UI-Display-Thin.otf in Resources */ = {isa = PBXBuildFile; fileRef = 632E74BA2340A9CA00D5DE53 /* SF-UI-Display-Thin.otf */; };
		632E74C92340A9CA00D5DE53 /* SF-UI-Display-Bold.otf in Resources */ = {isa = PBXBuildFile; fileRef = 632E74BB2340A9CA00D5DE53 /* SF-UI-Display-Bold.otf */; };
		632E74CA2340A9CA00D5DE53 /* SF-UI-Display-Regular.otf in Resources */ = {isa = PBXBuildFile; fileRef = 632E74BC2340A9CA00D5DE53 /* SF-UI-Display-Regular.otf */; };
		632E74CB2340A9CA00D5DE53 /* SF-UI-Text-Medium.otf in Resources */ = {isa = PBXBuildFile; fileRef = 632E74BD2340A9CA00D5DE53 /* SF-UI-Text-Medium.otf */; };
		632E74CC2340A9CA00D5DE53 /* SF-UI-Text-Light.otf in Resources */ = {isa = PBXBuildFile; fileRef = 632E74BE2340A9CA00D5DE53 /* SF-UI-Text-Light.otf */; };
		632E74CF2340AA2B00D5DE53 /* Neon-Source.png in Resources */ = {isa = PBXBuildFile; fileRef = 632E74CE2340AA2B00D5DE53 /* Neon-Source.png */; };
/* End PBXBuildFile section */

/* Begin PBXFileReference section */
		632E748B2340676E00D5DE53 /* hsb-filter.app */ = {isa = PBXFileReference; explicitFileType = wrapper.application; includeInIndex = 0; path = "hsb-filter.app"; sourceTree = BUILT_PRODUCTS_DIR; };
		632E748E2340676E00D5DE53 /* AppDelegate.swift */ = {isa = PBXFileReference; lastKnownFileType = sourcecode.swift; path = AppDelegate.swift; sourceTree = "<group>"; };
		632E74902340676E00D5DE53 /* SceneDelegate.swift */ = {isa = PBXFileReference; lastKnownFileType = sourcecode.swift; path = SceneDelegate.swift; sourceTree = "<group>"; };
		632E74922340676E00D5DE53 /* ViewController.swift */ = {isa = PBXFileReference; lastKnownFileType = sourcecode.swift; path = ViewController.swift; sourceTree = "<group>"; };
		632E74952340676E00D5DE53 /* Base */ = {isa = PBXFileReference; lastKnownFileType = file.storyboard; name = Base; path = Base.lproj/Main.storyboard; sourceTree = "<group>"; };
		632E74972340677000D5DE53 /* Assets.xcassets */ = {isa = PBXFileReference; lastKnownFileType = folder.assetcatalog; path = Assets.xcassets; sourceTree = "<group>"; };
		632E749A2340677000D5DE53 /* Base */ = {isa = PBXFileReference; lastKnownFileType = file.storyboard; name = Base; path = Base.lproj/LaunchScreen.storyboard; sourceTree = "<group>"; };
		632E749C2340677000D5DE53 /* Info.plist */ = {isa = PBXFileReference; lastKnownFileType = text.plist.xml; path = Info.plist; sourceTree = "<group>"; };
		632E74A32340A9B900D5DE53 /* SF-UI-Display-Ultralight.otf */ = {isa = PBXFileReference; lastKnownFileType = file; path = "SF-UI-Display-Ultralight.otf"; sourceTree = "<group>"; };
		632E74A42340A9B900D5DE53 /* SF-UI-Display-Light.otf */ = {isa = PBXFileReference; lastKnownFileType = file; path = "SF-UI-Display-Light.otf"; sourceTree = "<group>"; };
		632E74A52340A9B900D5DE53 /* SF-UI-Text-SemiboldItalic.otf */ = {isa = PBXFileReference; lastKnownFileType = file; path = "SF-UI-Text-SemiboldItalic.otf"; sourceTree = "<group>"; };
		632E74A62340A9B900D5DE53 /* SF-UI-Text-Bold.otf */ = {isa = PBXFileReference; lastKnownFileType = file; path = "SF-UI-Text-Bold.otf"; sourceTree = "<group>"; };
		632E74A72340A9BA00D5DE53 /* SF-UI-Display-Semibold.otf */ = {isa = PBXFileReference; lastKnownFileType = file; path = "SF-UI-Display-Semibold.otf"; sourceTree = "<group>"; };
		632E74A82340A9BA00D5DE53 /* SF-UI-Display-Heavy.otf */ = {isa = PBXFileReference; lastKnownFileType = file; path = "SF-UI-Display-Heavy.otf"; sourceTree = "<group>"; };
		632E74A92340A9BA00D5DE53 /* SF-UI-Text-Italic.otf */ = {isa = PBXFileReference; lastKnownFileType = file; path = "SF-UI-Text-Italic.otf"; sourceTree = "<group>"; };
		632E74B12340A9CA00D5DE53 /* SF-UI-Text-Semibold.otf */ = {isa = PBXFileReference; lastKnownFileType = file; path = "SF-UI-Text-Semibold.otf"; sourceTree = "<group>"; };
		632E74B22340A9CA00D5DE53 /* SF-UI-Text-MediumItalic.otf */ = {isa = PBXFileReference; lastKnownFileType = file; path = "SF-UI-Text-MediumItalic.otf"; sourceTree = "<group>"; };
		632E74B32340A9CA00D5DE53 /* SF-UI-Text-Regular.otf */ = {isa = PBXFileReference; lastKnownFileType = file; path = "SF-UI-Text-Regular.otf"; sourceTree = "<group>"; };
		632E74B42340A9CA00D5DE53 /* SF-UI-Text-LightItalic.otf */ = {isa = PBXFileReference; lastKnownFileType = file; path = "SF-UI-Text-LightItalic.otf"; sourceTree = "<group>"; };
		632E74B52340A9CA00D5DE53 /* SF-UI-Text-Heavy.otf */ = {isa = PBXFileReference; lastKnownFileType = file; path = "SF-UI-Text-Heavy.otf"; sourceTree = "<group>"; };
		632E74B62340A9CA00D5DE53 /* SF-UI-Text-HeavyItalic.otf */ = {isa = PBXFileReference; lastKnownFileType = file; path = "SF-UI-Text-HeavyItalic.otf"; sourceTree = "<group>"; };
		632E74B72340A9CA00D5DE53 /* SF-UI-Display-Medium.otf */ = {isa = PBXFileReference; lastKnownFileType = file; path = "SF-UI-Display-Medium.otf"; sourceTree = "<group>"; };
		632E74B82340A9CA00D5DE53 /* SF-UI-Display-Black.otf */ = {isa = PBXFileReference; lastKnownFileType = file; path = "SF-UI-Display-Black.otf"; sourceTree = "<group>"; };
		632E74B92340A9CA00D5DE53 /* SF-UI-Text-BoldItalic.otf */ = {isa = PBXFileReference; lastKnownFileType = file; path = "SF-UI-Text-BoldItalic.otf"; sourceTree = "<group>"; };
		632E74BA2340A9CA00D5DE53 /* SF-UI-Display-Thin.otf */ = {isa = PBXFileReference; lastKnownFileType = file; path = "SF-UI-Display-Thin.otf"; sourceTree = "<group>"; };
		632E74BB2340A9CA00D5DE53 /* SF-UI-Display-Bold.otf */ = {isa = PBXFileReference; lastKnownFileType = file; path = "SF-UI-Display-Bold.otf"; sourceTree = "<group>"; };
		632E74BC2340A9CA00D5DE53 /* SF-UI-Display-Regular.otf */ = {isa = PBXFileReference; lastKnownFileType = file; path = "SF-UI-Display-Regular.otf"; sourceTree = "<group>"; };
		632E74BD2340A9CA00D5DE53 /* SF-UI-Text-Medium.otf */ = {isa = PBXFileReference; lastKnownFileType = file; path = "SF-UI-Text-Medium.otf"; sourceTree = "<group>"; };
		632E74BE2340A9CA00D5DE53 /* SF-UI-Text-Light.otf */ = {isa = PBXFileReference; lastKnownFileType = file; path = "SF-UI-Text-Light.otf"; sourceTree = "<group>"; };
		632E74CE2340AA2B00D5DE53 /* Neon-Source.png */ = {isa = PBXFileReference; lastKnownFileType = image.png; path = "Neon-Source.png"; sourceTree = "<group>"; };
/* End PBXFileReference section */

/* Begin PBXFrameworksBuildPhase section */
		632E74882340676E00D5DE53 /* Frameworks */ = {
			isa = PBXFrameworksBuildPhase;
			buildActionMask = 2147483647;
			files = (
			);
			runOnlyForDeploymentPostprocessing = 0;
		};
/* End PBXFrameworksBuildPhase section */

/* Begin PBXGroup section */
		632E74822340676E00D5DE53 = {
			isa = PBXGroup;
			children = (
				632E74CD2340AA1D00D5DE53 /* Images */,
				632E74A22340A99E00D5DE53 /* Fonts */,
				632E748D2340676E00D5DE53 /* hsb-filter */,
				632E748C2340676E00D5DE53 /* Products */,
			);
			sourceTree = "<group>";
		};
		632E748C2340676E00D5DE53 /* Products */ = {
			isa = PBXGroup;
			children = (
				632E748B2340676E00D5DE53 /* hsb-filter.app */,
			);
			name = Products;
			sourceTree = "<group>";
		};
		632E748D2340676E00D5DE53 /* hsb-filter */ = {
			isa = PBXGroup;
			children = (
				632E748E2340676E00D5DE53 /* AppDelegate.swift */,
				632E74902340676E00D5DE53 /* SceneDelegate.swift */,
				632E74922340676E00D5DE53 /* ViewController.swift */,
				632E74942340676E00D5DE53 /* Main.storyboard */,
				632E74972340677000D5DE53 /* Assets.xcassets */,
				632E74992340677000D5DE53 /* LaunchScreen.storyboard */,
				632E749C2340677000D5DE53 /* Info.plist */,
			);
			path = "hsb-filter";
			sourceTree = "<group>";
		};
		632E74A22340A99E00D5DE53 /* Fonts */ = {
			isa = PBXGroup;
			children = (
				632E74B82340A9CA00D5DE53 /* SF-UI-Display-Black.otf */,
				632E74BB2340A9CA00D5DE53 /* SF-UI-Display-Bold.otf */,
				632E74B72340A9CA00D5DE53 /* SF-UI-Display-Medium.otf */,
				632E74BC2340A9CA00D5DE53 /* SF-UI-Display-Regular.otf */,
				632E74BA2340A9CA00D5DE53 /* SF-UI-Display-Thin.otf */,
				632E74B92340A9CA00D5DE53 /* SF-UI-Text-BoldItalic.otf */,
				632E74B52340A9CA00D5DE53 /* SF-UI-Text-Heavy.otf */,
				632E74B62340A9CA00D5DE53 /* SF-UI-Text-HeavyItalic.otf */,
				632E74BE2340A9CA00D5DE53 /* SF-UI-Text-Light.otf */,
				632E74B42340A9CA00D5DE53 /* SF-UI-Text-LightItalic.otf */,
				632E74BD2340A9CA00D5DE53 /* SF-UI-Text-Medium.otf */,
				632E74B22340A9CA00D5DE53 /* SF-UI-Text-MediumItalic.otf */,
				632E74B32340A9CA00D5DE53 /* SF-UI-Text-Regular.otf */,
				632E74B12340A9CA00D5DE53 /* SF-UI-Text-Semibold.otf */,
				632E74A82340A9BA00D5DE53 /* SF-UI-Display-Heavy.otf */,
				632E74A42340A9B900D5DE53 /* SF-UI-Display-Light.otf */,
				632E74A72340A9BA00D5DE53 /* SF-UI-Display-Semibold.otf */,
				632E74A32340A9B900D5DE53 /* SF-UI-Display-Ultralight.otf */,
				632E74A62340A9B900D5DE53 /* SF-UI-Text-Bold.otf */,
				632E74A92340A9BA00D5DE53 /* SF-UI-Text-Italic.otf */,
				632E74A52340A9B900D5DE53 /* SF-UI-Text-SemiboldItalic.otf */,
			);
			path = Fonts;
			sourceTree = "<group>";
		};
		632E74CD2340AA1D00D5DE53 /* Images */ = {
			isa = PBXGroup;
			children = (
				632E74CE2340AA2B00D5DE53 /* Neon-Source.png */,
			);
			path = Images;
			sourceTree = "<group>";
		};
/* End PBXGroup section */

/* Begin PBXNativeTarget section */
		632E748A2340676E00D5DE53 /* hsb-filter */ = {
			isa = PBXNativeTarget;
			buildConfigurationList = 632E749F2340677000D5DE53 /* Build configuration list for PBXNativeTarget "hsb-filter" */;
			buildPhases = (
				632E74872340676E00D5DE53 /* Sources */,
				632E74882340676E00D5DE53 /* Frameworks */,
				632E74892340676E00D5DE53 /* Resources */,
			);
			buildRules = (
			);
			dependencies = (
			);
			name = "hsb-filter";
			productName = "hsb-filter";
			productReference = 632E748B2340676E00D5DE53 /* hsb-filter.app */;
			productType = "com.apple.product-type.application";
		};
/* End PBXNativeTarget section */

/* Begin PBXProject section */
		632E74832340676E00D5DE53 /* Project object */ = {
			isa = PBXProject;
			attributes = {
				LastSwiftUpdateCheck = 1100;
				LastUpgradeCheck = 1100;
				ORGANIZATIONNAME = "David Arayan";
				TargetAttributes = {
					632E748A2340676E00D5DE53 = {
						CreatedOnToolsVersion = 11.0;
					};
				};
			};
			buildConfigurationList = 632E74862340676E00D5DE53 /* Build configuration list for PBXProject "hsb-filter" */;
			compatibilityVersion = "Xcode 9.3";
			developmentRegion = en;
			hasScannedForEncodings = 0;
			knownRegions = (
				en,
				Base,
			);
			mainGroup = 632E74822340676E00D5DE53;
			productRefGroup = 632E748C2340676E00D5DE53 /* Products */;
			projectDirPath = "";
			projectRoot = "";
			targets = (
				632E748A2340676E00D5DE53 /* hsb-filter */,
			);
		};
/* End PBXProject section */

/* Begin PBXResourcesBuildPhase section */
		632E74892340676E00D5DE53 /* Resources */ = {
			isa = PBXResourcesBuildPhase;
			buildActionMask = 2147483647;
			files = (
				632E74AC2340A9BA00D5DE53 /* SF-UI-Text-SemiboldItalic.otf in Resources */,
				632E74AD2340A9BA00D5DE53 /* SF-UI-Text-Bold.otf in Resources */,
				632E74CB2340A9CA00D5DE53 /* SF-UI-Text-Medium.otf in Resources */,
				632E74AB2340A9BA00D5DE53 /* SF-UI-Display-Light.otf in Resources */,
				632E74C32340A9CA00D5DE53 /* SF-UI-Text-Heavy.otf in Resources */,
				632E74C82340A9CA00D5DE53 /* SF-UI-Display-Thin.otf in Resources */,
				632E74C52340A9CA00D5DE53 /* SF-UI-Display-Medium.otf in Resources */,
				632E74BF2340A9CA00D5DE53 /* SF-UI-Text-Semibold.otf in Resources */,
				632E74C92340A9CA00D5DE53 /* SF-UI-Display-Bold.otf in Resources */,
				632E74CA2340A9CA00D5DE53 /* SF-UI-Display-Regular.otf in Resources */,
				632E74C02340A9CA00D5DE53 /* SF-UI-Text-MediumItalic.otf in Resources */,
				632E749B2340677000D5DE53 /* LaunchScreen.storyboard in Resources */,
				632E74CF2340AA2B00D5DE53 /* Neon-Source.png in Resources */,
				632E74C42340A9CA00D5DE53 /* SF-UI-Text-HeavyItalic.otf in Resources */,
				632E74C72340A9CA00D5DE53 /* SF-UI-Text-BoldItalic.otf in Resources */,
				632E74C62340A9CA00D5DE53 /* SF-UI-Display-Black.otf in Resources */,
				632E74AF2340A9BA00D5DE53 /* SF-UI-Display-Heavy.otf in Resources */,
				632E74AE2340A9BA00D5DE53 /* SF-UI-Display-Semibold.otf in Resources */,
				632E74982340677000D5DE53 /* Assets.xcassets in Resources */,
				632E74B02340A9BA00D5DE53 /* SF-UI-Text-Italic.otf in Resources */,
				632E74962340676E00D5DE53 /* Main.storyboard in Resources */,
				632E74C12340A9CA00D5DE53 /* SF-UI-Text-Regular.otf in Resources */,
				632E74C22340A9CA00D5DE53 /* SF-UI-Text-LightItalic.otf in Resources */,
				632E74CC2340A9CA00D5DE53 /* SF-UI-Text-Light.otf in Resources */,
				632E74AA2340A9BA00D5DE53 /* SF-UI-Display-Ultralight.otf in Resources */,
			);
			runOnlyForDeploymentPostprocessing = 0;
		};
/* End PBXResourcesBuildPhase section */

/* Begin PBXSourcesBuildPhase section */
		632E74872340676E00D5DE53 /* Sources */ = {
			isa = PBXSourcesBuildPhase;
			buildActionMask = 2147483647;
			files = (
				632E74932340676E00D5DE53 /* ViewController.swift in Sources */,
				632E748F2340676E00D5DE53 /* AppDelegate.swift in Sources */,
				632E74912340676E00D5DE53 /* SceneDelegate.swift in Sources */,
			);
			runOnlyForDeploymentPostprocessing = 0;
		};
/* End PBXSourcesBuildPhase section */

/* Begin PBXVariantGroup section */
		632E74942340676E00D5DE53 /* Main.storyboard */ = {
			isa = PBXVariantGroup;
			children = (
				632E74952340676E00D5DE53 /* Base */,
			);
			name = Main.storyboard;
			sourceTree = "<group>";
		};
		632E74992340677000D5DE53 /* LaunchScreen.storyboard */ = {
			isa = PBXVariantGroup;
			children = (
				632E749A2340677000D5DE53 /* Base */,
			);
			name = LaunchScreen.storyboard;
			sourceTree = "<group>";
		};
/* End PBXVariantGroup section */

/* Begin XCBuildConfiguration section */
		632E749D2340677000D5DE53 /* Debug */ = {
			isa = XCBuildConfiguration;
			buildSettings = {
				ALWAYS_SEARCH_USER_PATHS = NO;
				CLANG_ANALYZER_NONNULL = YES;
				CLANG_ANALYZER_NUMBER_OBJECT_CONVERSION = YES_AGGRESSIVE;
				CLANG_CXX_LANGUAGE_STANDARD = "gnu++14";
				CLANG_CXX_LIBRARY = "libc++";
				CLANG_ENABLE_MODULES = YES;
				CLANG_ENABLE_OBJC_ARC = YES;
				CLANG_ENABLE_OBJC_WEAK = YES;
				CLANG_WARN_BLOCK_CAPTURE_AUTORELEASING = YES;
				CLANG_WARN_BOOL_CONVERSION = YES;
				CLANG_WARN_COMMA = YES;
				CLANG_WARN_CONSTANT_CONVERSION = YES;
				CLANG_WARN_DEPRECATED_OBJC_IMPLEMENTATIONS = YES;
				CLANG_WARN_DIRECT_OBJC_ISA_USAGE = YES_ERROR;
				CLANG_WARN_DOCUMENTATION_COMMENTS = YES;
				CLANG_WARN_EMPTY_BODY = YES;
				CLANG_WARN_ENUM_CONVERSION = YES;
				CLANG_WARN_INFINITE_RECURSION = YES;
				CLANG_WARN_INT_CONVERSION = YES;
				CLANG_WARN_NON_LITERAL_NULL_CONVERSION = YES;
				CLANG_WARN_OBJC_IMPLICIT_RETAIN_SELF = YES;
				CLANG_WARN_OBJC_LITERAL_CONVERSION = YES;
				CLANG_WARN_OBJC_ROOT_CLASS = YES_ERROR;
				CLANG_WARN_RANGE_LOOP_ANALYSIS = YES;
				CLANG_WARN_STRICT_PROTOTYPES = YES;
				CLANG_WARN_SUSPICIOUS_MOVE = YES;
				CLANG_WARN_UNGUARDED_AVAILABILITY = YES_AGGRESSIVE;
				CLANG_WARN_UNREACHABLE_CODE = YES;
				CLANG_WARN__DUPLICATE_METHOD_MATCH = YES;
				COPY_PHASE_STRIP = NO;
				DEBUG_INFORMATION_FORMAT = dwarf;
				ENABLE_STRICT_OBJC_MSGSEND = YES;
				ENABLE_TESTABILITY = YES;
				GCC_C_LANGUAGE_STANDARD = gnu11;
				GCC_DYNAMIC_NO_PIC = NO;
				GCC_NO_COMMON_BLOCKS = YES;
				GCC_OPTIMIZATION_LEVEL = 0;
				GCC_PREPROCESSOR_DEFINITIONS = (
					"DEBUG=1",
					"$(inherited)",
				);
				GCC_WARN_64_TO_32_BIT_CONVERSION = YES;
				GCC_WARN_ABOUT_RETURN_TYPE = YES_ERROR;
				GCC_WARN_UNDECLARED_SELECTOR = YES;
				GCC_WARN_UNINITIALIZED_AUTOS = YES_AGGRESSIVE;
				GCC_WARN_UNUSED_FUNCTION = YES;
				GCC_WARN_UNUSED_VARIABLE = YES;
				IPHONEOS_DEPLOYMENT_TARGET = 13.0;
				MTL_ENABLE_DEBUG_INFO = INCLUDE_SOURCE;
				MTL_FAST_MATH = YES;
				ONLY_ACTIVE_ARCH = YES;
				SDKROOT = iphoneos;
				SWIFT_ACTIVE_COMPILATION_CONDITIONS = DEBUG;
				SWIFT_OPTIMIZATION_LEVEL = "-Onone";
			};
			name = Debug;
		};
		632E749E2340677000D5DE53 /* Release */ = {
			isa = XCBuildConfiguration;
			buildSettings = {
				ALWAYS_SEARCH_USER_PATHS = NO;
				CLANG_ANALYZER_NONNULL = YES;
				CLANG_ANALYZER_NUMBER_OBJECT_CONVERSION = YES_AGGRESSIVE;
				CLANG_CXX_LANGUAGE_STANDARD = "gnu++14";
				CLANG_CXX_LIBRARY = "libc++";
				CLANG_ENABLE_MODULES = YES;
				CLANG_ENABLE_OBJC_ARC = YES;
				CLANG_ENABLE_OBJC_WEAK = YES;
				CLANG_WARN_BLOCK_CAPTURE_AUTORELEASING = YES;
				CLANG_WARN_BOOL_CONVERSION = YES;
				CLANG_WARN_COMMA = YES;
				CLANG_WARN_CONSTANT_CONVERSION = YES;
				CLANG_WARN_DEPRECATED_OBJC_IMPLEMENTATIONS = YES;
				CLANG_WARN_DIRECT_OBJC_ISA_USAGE = YES_ERROR;
				CLANG_WARN_DOCUMENTATION_COMMENTS = YES;
				CLANG_WARN_EMPTY_BODY = YES;
				CLANG_WARN_ENUM_CONVERSION = YES;
				CLANG_WARN_INFINITE_RECURSION = YES;
				CLANG_WARN_INT_CONVERSION = YES;
				CLANG_WARN_NON_LITERAL_NULL_CONVERSION = YES;
				CLANG_WARN_OBJC_IMPLICIT_RETAIN_SELF = YES;
				CLANG_WARN_OBJC_LITERAL_CONVERSION = YES;
				CLANG_WARN_OBJC_ROOT_CLASS = YES_ERROR;
				CLANG_WARN_RANGE_LOOP_ANALYSIS = YES;
				CLANG_WARN_STRICT_PROTOTYPES = YES;
				CLANG_WARN_SUSPICIOUS_MOVE = YES;
				CLANG_WARN_UNGUARDED_AVAILABILITY = YES_AGGRESSIVE;
				CLANG_WARN_UNREACHABLE_CODE = YES;
				CLANG_WARN__DUPLICATE_METHOD_MATCH = YES;
				COPY_PHASE_STRIP = NO;
				DEBUG_INFORMATION_FORMAT = "dwarf-with-dsym";
				ENABLE_NS_ASSERTIONS = NO;
				ENABLE_STRICT_OBJC_MSGSEND = YES;
				GCC_C_LANGUAGE_STANDARD = gnu11;
				GCC_NO_COMMON_BLOCKS = YES;
				GCC_WARN_64_TO_32_BIT_CONVERSION = YES;
				GCC_WARN_ABOUT_RETURN_TYPE = YES_ERROR;
				GCC_WARN_UNDECLARED_SELECTOR = YES;
				GCC_WARN_UNINITIALIZED_AUTOS = YES_AGGRESSIVE;
				GCC_WARN_UNUSED_FUNCTION = YES;
				GCC_WARN_UNUSED_VARIABLE = YES;
				IPHONEOS_DEPLOYMENT_TARGET = 13.0;
				MTL_ENABLE_DEBUG_INFO = NO;
				MTL_FAST_MATH = YES;
				SDKROOT = iphoneos;
				SWIFT_COMPILATION_MODE = wholemodule;
				SWIFT_OPTIMIZATION_LEVEL = "-O";
				VALIDATE_PRODUCT = YES;
			};
			name = Release;
		};
		632E74A02340677000D5DE53 /* Debug */ = {
			isa = XCBuildConfiguration;
			buildSettings = {
				ASSETCATALOG_COMPILER_APPICON_NAME = AppIcon;
				CODE_SIGN_STYLE = Automatic;
				DEVELOPMENT_TEAM = BBV423G2CG;
				INFOPLIST_FILE = "hsb-filter/Info.plist";
				LD_RUNPATH_SEARCH_PATHS = (
					"$(inherited)",
					"@executable_path/Frameworks",
				);
				PRODUCT_BUNDLE_IDENTIFIER = "com.david.hsb-filter";
				PRODUCT_NAME = "$(TARGET_NAME)";
				SWIFT_VERSION = 5.0;
				TARGETED_DEVICE_FAMILY = "1,2";
			};
			name = Debug;
		};
		632E74A12340677000D5DE53 /* Release */ = {
			isa = XCBuildConfiguration;
			buildSettings = {
				ASSETCATALOG_COMPILER_APPICON_NAME = AppIcon;
				CODE_SIGN_STYLE = Automatic;
				DEVELOPMENT_TEAM = BBV423G2CG;
				INFOPLIST_FILE = "hsb-filter/Info.plist";
				LD_RUNPATH_SEARCH_PATHS = (
					"$(inherited)",
					"@executable_path/Frameworks",
				);
				PRODUCT_BUNDLE_IDENTIFIER = "com.david.hsb-filter";
				PRODUCT_NAME = "$(TARGET_NAME)";
				SWIFT_VERSION = 5.0;
				TARGETED_DEVICE_FAMILY = "1,2";
			};
			name = Release;
		};
/* End XCBuildConfiguration section */

/* Begin XCConfigurationList section */
		632E74862340676E00D5DE53 /* Build configuration list for PBXProject "hsb-filter" */ = {
			isa = XCConfigurationList;
			buildConfigurations = (
				632E749D2340677000D5DE53 /* Debug */,
				632E749E2340677000D5DE53 /* Release */,
			);
			defaultConfigurationIsVisible = 0;
			defaultConfigurationName = Release;
		};
		632E749F2340677000D5DE53 /* Build configuration list for PBXNativeTarget "hsb-filter" */ = {
			isa = XCConfigurationList;
			buildConfigurations = (
				632E74A02340677000D5DE53 /* Debug */,
				632E74A12340677000D5DE53 /* Release */,
			);
			defaultConfigurationIsVisible = 0;
			defaultConfigurationName = Release;
		};
/* End XCConfigurationList section */
	};
	rootObject = 632E74832340676E00D5DE53 /* Project object */;
}
